// !$*UTF8*$!
{
	archiveVersion = 1;
	classes = {
	};
	objectVersion = 46;
	objects = {

/* Begin PBXBuildFile section */
		3546A21E0794FF2EC5EDF94A /* Pods_Week3Challenge.framework in Frameworks */ = {isa = PBXBuildFile; fileRef = 416862E157A2B87743D9952F /* Pods_Week3Challenge.framework */; };
		619E6E9A1E9F15C00052621B /* AppDelegate.swift in Sources */ = {isa = PBXBuildFile; fileRef = 619E6E991E9F15C00052621B /* AppDelegate.swift */; };
		619E6E9C1E9F15C00052621B /* LoginViewController.swift in Sources */ = {isa = PBXBuildFile; fileRef = 619E6E9B1E9F15C00052621B /* LoginViewController.swift */; };
		619E6E9F1E9F15C00052621B /* Main.storyboard in Resources */ = {isa = PBXBuildFile; fileRef = 619E6E9D1E9F15C00052621B /* Main.storyboard */; };
		619E6EA11E9F15C00052621B /* Assets.xcassets in Resources */ = {isa = PBXBuildFile; fileRef = 619E6EA01E9F15C00052621B /* Assets.xcassets */; };
		619E6EA41E9F15C00052621B /* LaunchScreen.storyboard in Resources */ = {isa = PBXBuildFile; fileRef = 619E6EA21E9F15C00052621B /* LaunchScreen.storyboard */; };
		61BB7BD91E9F1C1000B5188B /* ChatViewController.swift in Sources */ = {isa = PBXBuildFile; fileRef = 61BB7BD81E9F1C1000B5188B /* ChatViewController.swift */; };
		61BB7BDB1E9F216600B5188B /* Message.swift in Sources */ = {isa = PBXBuildFile; fileRef = 61BB7BDA1E9F216600B5188B /* Message.swift */; };
		61BB7BDD1E9F277900B5188B /* ChatCell.swift in Sources */ = {isa = PBXBuildFile; fileRef = 61BB7BDC1E9F277900B5188B /* ChatCell.swift */; };
/* End PBXBuildFile section */

/* Begin PBXFileReference section */
		416862E157A2B87743D9952F /* Pods_Week3Challenge.framework */ = {isa = PBXFileReference; explicitFileType = wrapper.framework; includeInIndex = 0; path = Pods_Week3Challenge.framework; sourceTree = BUILT_PRODUCTS_DIR; };
		619E6E961E9F15C00052621B /* Week3Challenge.app */ = {isa = PBXFileReference; explicitFileType = wrapper.application; includeInIndex = 0; path = Week3Challenge.app; sourceTree = BUILT_PRODUCTS_DIR; };
		619E6E991E9F15C00052621B /* AppDelegate.swift */ = {isa = PBXFileReference; lastKnownFileType = sourcecode.swift; path = AppDelegate.swift; sourceTree = "<group>"; };
		619E6E9B1E9F15C00052621B /* LoginViewController.swift */ = {isa = PBXFileReference; lastKnownFileType = sourcecode.swift; path = LoginViewController.swift; sourceTree = "<group>"; };
		619E6E9E1E9F15C00052621B /* Base */ = {isa = PBXFileReference; lastKnownFileType = file.storyboard; name = Base; path = Base.lproj/Main.storyboard; sourceTree = "<group>"; };
		619E6EA01E9F15C00052621B /* Assets.xcassets */ = {isa = PBXFileReference; lastKnownFileType = folder.assetcatalog; path = Assets.xcassets; sourceTree = "<group>"; };
		619E6EA31E9F15C00052621B /* Base */ = {isa = PBXFileReference; lastKnownFileType = file.storyboard; name = Base; path = Base.lproj/LaunchScreen.storyboard; sourceTree = "<group>"; };
		619E6EA51E9F15C00052621B /* Info.plist */ = {isa = PBXFileReference; lastKnownFileType = text.plist.xml; path = Info.plist; sourceTree = "<group>"; };
		61BB7BD81E9F1C1000B5188B /* ChatViewController.swift */ = {isa = PBXFileReference; fileEncoding = 4; lastKnownFileType = sourcecode.swift; path = ChatViewController.swift; sourceTree = "<group>"; };
		61BB7BDA1E9F216600B5188B /* Message.swift */ = {isa = PBXFileReference; fileEncoding = 4; lastKnownFileType = sourcecode.swift; path = Message.swift; sourceTree = "<group>"; };
		61BB7BDC1E9F277900B5188B /* ChatCell.swift */ = {isa = PBXFileReference; fileEncoding = 4; lastKnownFileType = sourcecode.swift; path = ChatCell.swift; sourceTree = "<group>"; };
		C7513E6E20832C1FAECBB2B2 /* Pods-Week3Challenge.debug.xcconfig */ = {isa = PBXFileReference; includeInIndex = 1; lastKnownFileType = text.xcconfig; name = "Pods-Week3Challenge.debug.xcconfig"; path = "Pods/Target Support Files/Pods-Week3Challenge/Pods-Week3Challenge.debug.xcconfig"; sourceTree = "<group>"; };
		F56EC33B4DFD16981CF7B1B7 /* Pods-Week3Challenge.release.xcconfig */ = {isa = PBXFileReference; includeInIndex = 1; lastKnownFileType = text.xcconfig; name = "Pods-Week3Challenge.release.xcconfig"; path = "Pods/Target Support Files/Pods-Week3Challenge/Pods-Week3Challenge.release.xcconfig"; sourceTree = "<group>"; };
/* End PBXFileReference section */

/* Begin PBXFrameworksBuildPhase section */
		619E6E931E9F15C00052621B /* Frameworks */ = {
			isa = PBXFrameworksBuildPhase;
			buildActionMask = 2147483647;
			files = (
				3546A21E0794FF2EC5EDF94A /* Pods_Week3Challenge.framework in Frameworks */,
			);
			runOnlyForDeploymentPostprocessing = 0;
		};
/* End PBXFrameworksBuildPhase section */

/* Begin PBXGroup section */
		10DB065E7EEB32FBD9775CFE /* Pods */ = {
			isa = PBXGroup;
			children = (
				C7513E6E20832C1FAECBB2B2 /* Pods-Week3Challenge.debug.xcconfig */,
				F56EC33B4DFD16981CF7B1B7 /* Pods-Week3Challenge.release.xcconfig */,
			);
			name = Pods;
			sourceTree = "<group>";
		};
		54143A74F747BB3B3DAA5417 /* Frameworks */ = {
			isa = PBXGroup;
			children = (
				416862E157A2B87743D9952F /* Pods_Week3Challenge.framework */,
			);
			name = Frameworks;
			sourceTree = "<group>";
		};
		619E6E8D1E9F15C00052621B = {
			isa = PBXGroup;
			children = (
				619E6E981E9F15C00052621B /* Week3Challenge */,
				619E6E971E9F15C00052621B /* Products */,
				10DB065E7EEB32FBD9775CFE /* Pods */,
				54143A74F747BB3B3DAA5417 /* Frameworks */,
			);
			sourceTree = "<group>";
		};
		619E6E971E9F15C00052621B /* Products */ = {
			isa = PBXGroup;
			children = (
				619E6E961E9F15C00052621B /* Week3Challenge.app */,
			);
			name = Products;
			sourceTree = "<group>";
		};
		619E6E981E9F15C00052621B /* Week3Challenge */ = {
			isa = PBXGroup;
			children = (
				619E6E991E9F15C00052621B /* AppDelegate.swift */,
				619E6E9B1E9F15C00052621B /* LoginViewController.swift */,
				619E6E9D1E9F15C00052621B /* Main.storyboard */,
				619E6EA01E9F15C00052621B /* Assets.xcassets */,
				619E6EA21E9F15C00052621B /* LaunchScreen.storyboard */,
				619E6EA51E9F15C00052621B /* Info.plist */,
				61BB7BD81E9F1C1000B5188B /* ChatViewController.swift */,
				61BB7BDA1E9F216600B5188B /* Message.swift */,
				61BB7BDC1E9F277900B5188B /* ChatCell.swift */,
			);
			path = Week3Challenge;
			sourceTree = "<group>";
		};
/* End PBXGroup section */

/* Begin PBXNativeTarget section */
		619E6E951E9F15C00052621B /* Week3Challenge */ = {
			isa = PBXNativeTarget;
			buildConfigurationList = 619E6EA81E9F15C00052621B /* Build configuration list for PBXNativeTarget "Week3Challenge" */;
			buildPhases = (
				499CB27B6E4750A7557F1F4D /* [CP] Check Pods Manifest.lock */,
				619E6E921E9F15C00052621B /* Sources */,
				619E6E931E9F15C00052621B /* Frameworks */,
				619E6E941E9F15C00052621B /* Resources */,
				2704A71E951272C425AF300A /* [CP] Embed Pods Frameworks */,
				6EBA1B21DCA67006DAF1F4D1 /* [CP] Copy Pods Resources */,
			);
			buildRules = (
			);
			dependencies = (
			);
			name = Week3Challenge;
			productName = Week3Challenge;
			productReference = 619E6E961E9F15C00052621B /* Week3Challenge.app */;
			productType = "com.apple.product-type.application";
		};
/* End PBXNativeTarget section */

/* Begin PBXProject section */
		619E6E8E1E9F15C00052621B /* Project object */ = {
			isa = PBXProject;
			attributes = {
				LastSwiftUpdateCheck = 0830;
				LastUpgradeCheck = 0830;
				ORGANIZATIONNAME = "Patchirajan, Karpaga Ganesh";
				TargetAttributes = {
					619E6E951E9F15C00052621B = {
						CreatedOnToolsVersion = 8.3.1;
						DevelopmentTeam = 85MGTY56YM;
						ProvisioningStyle = Automatic;
					};
				};
			};
			buildConfigurationList = 619E6E911E9F15C00052621B /* Build configuration list for PBXProject "Week3Challenge" */;
			compatibilityVersion = "Xcode 3.2";
			developmentRegion = English;
			hasScannedForEncodings = 0;
			knownRegions = (
				en,
				Base,
			);
			mainGroup = 619E6E8D1E9F15C00052621B;
			productRefGroup = 619E6E971E9F15C00052621B /* Products */;
			projectDirPath = "";
			projectRoot = "";
			targets = (
				619E6E951E9F15C00052621B /* Week3Challenge */,
			);
		};
/* End PBXProject section */

/* Begin PBXResourcesBuildPhase section */
		619E6E941E9F15C00052621B /* Resources */ = {
			isa = PBXResourcesBuildPhase;
			buildActionMask = 2147483647;
			files = (
				619E6EA41E9F15C00052621B /* LaunchScreen.storyboard in Resources */,
				619E6EA11E9F15C00052621B /* Assets.xcassets in Resources */,
				619E6E9F1E9F15C00052621B /* Main.storyboard in Resources */,
			);
			runOnlyForDeploymentPostprocessing = 0;
		};
/* End PBXResourcesBuildPhase section */

/* Begin PBXShellScriptBuildPhase section */
		2704A71E951272C425AF300A /* [CP] Embed Pods Frameworks */ = {
			isa = PBXShellScriptBuildPhase;
			buildActionMask = 2147483647;
			files = (
			);
			inputPaths = (
			);
			name = "[CP] Embed Pods Frameworks";
			outputPaths = (
			);
			runOnlyForDeploymentPostprocessing = 0;
			shellPath = /bin/sh;
			shellScript = "\"${SRCROOT}/Pods/Target Support Files/Pods-Week3Challenge/Pods-Week3Challenge-frameworks.sh\"\n";
			showEnvVarsInLog = 0;
		};
		499CB27B6E4750A7557F1F4D /* [CP] Check Pods Manifest.lock */ = {
			isa = PBXShellScriptBuildPhase;
			buildActionMask = 2147483647;
			files = (
			);
			inputPaths = (
			);
			name = "[CP] Check Pods Manifest.lock";
			outputPaths = (
			);
			runOnlyForDeploymentPostprocessing = 0;
			shellPath = /bin/sh;
			shellScript = "diff \"${PODS_ROOT}/../Podfile.lock\" \"${PODS_ROOT}/Manifest.lock\" > /dev/null\nif [ $? != 0 ] ; then\n    # print error to STDERR\n    echo \"error: The sandbox is not in sync with the Podfile.lock. Run 'pod install' or update your CocoaPods installation.\" >&2\n    exit 1\nfi\n";
			showEnvVarsInLog = 0;
		};
		6EBA1B21DCA67006DAF1F4D1 /* [CP] Copy Pods Resources */ = {
			isa = PBXShellScriptBuildPhase;
			buildActionMask = 2147483647;
			files = (
			);
			inputPaths = (
			);
			name = "[CP] Copy Pods Resources";
			outputPaths = (
			);
			runOnlyForDeploymentPostprocessing = 0;
			shellPath = /bin/sh;
			shellScript = "\"${SRCROOT}/Pods/Target Support Files/Pods-Week3Challenge/Pods-Week3Challenge-resources.sh\"\n";
			showEnvVarsInLog = 0;
		};
/* End PBXShellScriptBuildPhase section */

/* Begin PBXSourcesBuildPhase section */
		619E6E921E9F15C00052621B /* Sources */ = {
			isa = PBXSourcesBuildPhase;
			buildActionMask = 2147483647;
			files = (
				619E6E9C1E9F15C00052621B /* LoginViewController.swift in Sources */,
				61BB7BDB1E9F216600B5188B /* Message.swift in Sources */,
				61BB7BD91E9F1C1000B5188B /* ChatViewController.swift in Sources */,
				61BB7BDD1E9F277900B5188B /* ChatCell.swift in Sources */,
				619E6E9A1E9F15C00052621B /* AppDelegate.swift in Sources */,
			);
			runOnlyForDeploymentPostprocessing = 0;
		};
/* End PBXSourcesBuildPhase section */

/* Begin PBXVariantGroup section */
		619E6E9D1E9F15C00052621B /* Main.storyboard */ = {
			isa = PBXVariantGroup;
			children = (
				619E6E9E1E9F15C00052621B /* Base */,
			);
			name = Main.storyboard;
			sourceTree = "<group>";
		};
		619E6EA21E9F15C00052621B /* LaunchScreen.storyboard */ = {
			isa = PBXVariantGroup;
			children = (
				619E6EA31E9F15C00052621B /* Base */,
			);
			name = LaunchScreen.storyboard;
			sourceTree = "<group>";
		};
/* End PBXVariantGroup section */

/* Begin XCBuildConfiguration section */
		619E6EA61E9F15C00052621B /* Debug */ = {
			isa = XCBuildConfiguration;
			buildSettings = {
				ALWAYS_SEARCH_USER_PATHS = NO;
				CLANG_ANALYZER_NONNULL = YES;
				CLANG_ANALYZER_NUMBER_OBJECT_CONVERSION = YES_AGGRESSIVE;
				CLANG_CXX_LANGUAGE_STANDARD = "gnu++0x";
				CLANG_CXX_LIBRARY = "libc++";
				CLANG_ENABLE_MODULES = YES;
				CLANG_ENABLE_OBJC_ARC = YES;
				CLANG_WARN_BOOL_CONVERSION = YES;
				CLANG_WARN_CONSTANT_CONVERSION = YES;
				CLANG_WARN_DIRECT_OBJC_ISA_USAGE = YES_ERROR;
				CLANG_WARN_DOCUMENTATION_COMMENTS = YES;
				CLANG_WARN_EMPTY_BODY = YES;
				CLANG_WARN_ENUM_CONVERSION = YES;
				CLANG_WARN_INFINITE_RECURSION = YES;
				CLANG_WARN_INT_CONVERSION = YES;
				CLANG_WARN_OBJC_ROOT_CLASS = YES_ERROR;
				CLANG_WARN_SUSPICIOUS_MOVE = YES;
				CLANG_WARN_UNREACHABLE_CODE = YES;
				CLANG_WARN__DUPLICATE_METHOD_MATCH = YES;
				"CODE_SIGN_IDENTITY[sdk=iphoneos*]" = "iPhone Developer";
				COPY_PHASE_STRIP = NO;
				DEBUG_INFORMATION_FORMAT = dwarf;
				ENABLE_STRICT_OBJC_MSGSEND = YES;
				ENABLE_TESTABILITY = YES;
				GCC_C_LANGUAGE_STANDARD = gnu99;
				GCC_DYNAMIC_NO_PIC = NO;
				GCC_NO_COMMON_BLOCKS = YES;
				GCC_OPTIMIZATION_LEVEL = 0;
				GCC_PREPROCESSOR_DEFINITIONS = (
					"DEBUG=1",
					"$(inherited)",
				);
				GCC_WARN_64_TO_32_BIT_CONVERSION = YES;
				GCC_WARN_ABOUT_RETURN_TYPE = YES_ERROR;
				GCC_WARN_UNDECLARED_SELECTOR = YES;
				GCC_WARN_UNINITIALIZED_AUTOS = YES_AGGRESSIVE;
				GCC_WARN_UNUSED_FUNCTION = YES;
				GCC_WARN_UNUSED_VARIABLE = YES;
				IPHONEOS_DEPLOYMENT_TARGET = 10.3;
				MTL_ENABLE_DEBUG_INFO = YES;
				ONLY_ACTIVE_ARCH = YES;
				SDKROOT = iphoneos;
				SWIFT_ACTIVE_COMPILATION_CONDITIONS = DEBUG;
				SWIFT_OPTIMIZATION_LEVEL = "-Onone";
			};
			name = Debug;
		};
		619E6EA71E9F15C00052621B /* Release */ = {
			isa = XCBuildConfiguration;
			buildSettings = {
				ALWAYS_SEARCH_USER_PATHS = NO;
				CLANG_ANALYZER_NONNULL = YES;
				CLANG_ANALYZER_NUMBER_OBJECT_CONVERSION = YES_AGGRESSIVE;
				CLANG_CXX_LANGUAGE_STANDARD = "gnu++0x";
				CLANG_CXX_LIBRARY = "libc++";
				CLANG_ENABLE_MODULES = YES;
				CLANG_ENABLE_OBJC_ARC = YES;
				CLANG_WARN_BOOL_CONVERSION = YES;
				CLANG_WARN_CONSTANT_CONVERSION = YES;
				CLANG_WARN_DIRECT_OBJC_ISA_USAGE = YES_ERROR;
				CLANG_WARN_DOCUMENTATION_COMMENTS = YES;
				CLANG_WARN_EMPTY_BODY = YES;
				CLANG_WARN_ENUM_CONVERSION = YES;
				CLANG_WARN_INFINITE_RECURSION = YES;
				CLANG_WARN_INT_CONVERSION = YES;
				CLANG_WARN_OBJC_ROOT_CLASS = YES_ERROR;
				CLANG_WARN_SUSPICIOUS_MOVE = YES;
				CLANG_WARN_UNREACHABLE_CODE = YES;
				CLANG_WARN__DUPLICATE_METHOD_MATCH = YES;
				"CODE_SIGN_IDENTITY[sdk=iphoneos*]" = "iPhone Developer";
				COPY_PHASE_STRIP = NO;
				DEBUG_INFORMATION_FORMAT = "dwarf-with-dsym";
				ENABLE_NS_ASSERTIONS = NO;
				ENABLE_STRICT_OBJC_MSGSEND = YES;
				GCC_C_LANGUAGE_STANDARD = gnu99;
				GCC_NO_COMMON_BLOCKS = YES;
				GCC_WARN_64_TO_32_BIT_CONVERSION = YES;
				GCC_WARN_ABOUT_RETURN_TYPE = YES_ERROR;
				GCC_WARN_UNDECLARED_SELECTOR = YES;
				GCC_WARN_UNINITIALIZED_AUTOS = YES_AGGRESSIVE;
				GCC_WARN_UNUSED_FUNCTION = YES;
				GCC_WARN_UNUSED_VARIABLE = YES;
				IPHONEOS_DEPLOYMENT_TARGET = 10.3;
				MTL_ENABLE_DEBUG_INFO = NO;
				SDKROOT = iphoneos;
				SWIFT_OPTIMIZATION_LEVEL = "-Owholemodule";
				VALIDATE_PRODUCT = YES;
			};
			name = Release;
		};
		619E6EA91E9F15C00052621B /* Debug */ = {
			isa = XCBuildConfiguration;
			baseConfigurationReference = C7513E6E20832C1FAECBB2B2 /* Pods-Week3Challenge.debug.xcconfig */;
			buildSettings = {
				ASSETCATALOG_COMPILER_APPICON_NAME = AppIcon;
				DEVELOPMENT_TEAM = 85MGTY56YM;
				INFOPLIST_FILE = Week3Challenge/Info.plist;
				LD_RUNPATH_SEARCH_PATHS = "$(inherited) @executable_path/Frameworks";
				PRODUCT_BUNDLE_IDENTIFIER = KG.Week3Challenge;
				PRODUCT_NAME = "$(TARGET_NAME)";
				SWIFT_VERSION = 3.0;
			};
			name = Debug;
		};
		619E6EAA1E9F15C00052621B /* Release */ = {
			isa = XCBuildConfiguration;
			baseConfigurationReference = F56EC33B4DFD16981CF7B1B7 /* Pods-Week3Challenge.release.xcconfig */;
			buildSettings = {
				ASSETCATALOG_COMPILER_APPICON_NAME = AppIcon;
				DEVELOPMENT_TEAM = 85MGTY56YM;
				INFOPLIST_FILE = Week3Challenge/Info.plist;
				LD_RUNPATH_SEARCH_PATHS = "$(inherited) @executable_path/Frameworks";
				PRODUCT_BUNDLE_IDENTIFIER = KG.Week3Challenge;
				PRODUCT_NAME = "$(TARGET_NAME)";
				SWIFT_VERSION = 3.0;
			};
			name = Release;
		};
/* End XCBuildConfiguration section */

/* Begin XCConfigurationList section */
		619E6E911E9F15C00052621B /* Build configuration list for PBXProject "Week3Challenge" */ = {
			isa = XCConfigurationList;
			buildConfigurations = (
				619E6EA61E9F15C00052621B /* Debug */,
				619E6EA71E9F15C00052621B /* Release */,
			);
			defaultConfigurationIsVisible = 0;
			defaultConfigurationName = Release;
		};
		619E6EA81E9F15C00052621B /* Build configuration list for PBXNativeTarget "Week3Challenge" */ = {
			isa = XCConfigurationList;
			buildConfigurations = (
				619E6EA91E9F15C00052621B /* Debug */,
				619E6EAA1E9F15C00052621B /* Release */,
			);
			defaultConfigurationIsVisible = 0;
			defaultConfigurationName = Release;
		};
/* End XCConfigurationList section */
	};
	rootObject = 619E6E8E1E9F15C00052621B /* Project object */;
}
